
Microsoft Visual Studio Solution File, Format Version 12.00
# Visual Studio Version 16
VisualStudioVersion = 16.0.31025.194
MinimumVisualStudioVersion = 10.0.40219.1
Project("{FAE04EC0-301F-11D3-BF4B-00C04F79EFBC}") = "WebAppWagner", "WebAppWagner\WebAppWagner.csproj", "{CEC70D2F-5EC1-4E6E-97B9-25D6D5A04739}"
EndProject
Global
	GlobalSection(SolutionConfigurationPlatforms) = preSolution
		Debug|Any CPU = Debug|Any CPU
		Release|Any CPU = Release|Any CPU
	EndGlobalSection
	GlobalSection(ProjectConfigurationPlatforms) = postSolution
		{CEC70D2F-5EC1-4E6E-97B9-25D6D5A04739}.Debug|Any CPU.ActiveCfg = Debug|Any CPU
		{CEC70D2F-5EC1-4E6E-97B9-25D6D5A04739}.Debug|Any CPU.Build.0 = Debug|Any CPU
		{CEC70D2F-5EC1-4E6E-97B9-25D6D5A04739}.Release|Any CPU.ActiveCfg = Release|Any CPU
		{CEC70D2F-5EC1-4E6E-97B9-25D6D5A04739}.Release|Any CPU.Build.0 = Release|Any CPU
	EndGlobalSection
	GlobalSection(SolutionProperties) = preSolution
		HideSolutionNode = FALSE
	EndGlobalSection
	GlobalSection(ExtensibilityGlobals) = postSolution
		SolutionGuid = {FC575D34-AA27-42B2-A6C3-1BC60ECBE69C}
	EndGlobalSection
EndGlobal
